{
  "name": "buscaservi_Front",
  "lockfileVersion": 3,
  "requires": true,
  "packages": {
    "": {
      "dependencies": {
        "@angular/compiler": "^18.2.6"
      }
    },
    "node_modules/@angular/compiler": {
      "version": "18.2.6",
      "resolved": "https://registry.npmjs.org/@angular/compiler/-/compiler-18.2.6.tgz",
      "integrity": "sha512-3tX2/Qw+bZ8XzKitviH8jzNGyY0uohhehhBB57OJOCc+yr4ojy/7SYFnun1lSsRnDztdCE461641X4iQLCQ94w==",
      "dependencies": {
        "tslib": "^2.3.0"
      },
      "engines": {
        "node": "^18.19.1 || ^20.11.1 || >=22.0.0"
      },
      "peerDependencies": {
        "@angular/core": "18.2.6"
      },
      "peerDependenciesMeta": {
        "@angular/core": {
          "optional": true
        }
      }
    },
    "node_modules/tslib": {
      "version": "2.7.0",
      "resolved": "https://registry.npmjs.org/tslib/-/tslib-2.7.0.tgz",
      "integrity": "sha512-gLXCKdN1/j47AiHiOkJN69hJmcbGTHI0ImLmbYLHykhgeN0jVGola9yVjFgzCUklsZQMW55o+dW7IXv3RCXDzA=="
    }
  }
}
